<?xml version="1.0" encoding="utf-8"?>
<Project ToolsVersion="4.0" xmlns="http://schemas.microsoft.com/developer/msbuild/2003">
  <ItemGroup>
    <Filter Include="Source Files">
      <UniqueIdentifier>{4FC737F1-C7A5-4376-A066-2A32D752A2FF}</UniqueIdentifier>
      <Extensions>cpp;c;cc;cxx;def;odl;idl;hpj;bat;asm;asmx</Extensions>
    </Filter>
    <Filter Include="Header Files">
      <UniqueIdentifier>{93995380-89BD-4b04-88EB-625FBE52EBFB}</UniqueIdentifier>
      <Extensions>h;hpp;hxx;hm;inl;inc;xsd</Extensions>
    </Filter>
    <Filter Include="Resource Files">
      <UniqueIdentifier>{67DA6AB6-F800-4c08-8B7A-83BB121AAD01}</UniqueIdentifier>
      <Extensions>rc;ico;cur;bmp;dlg;rc2;rct;bin;rgs;gif;jpg;jpeg;jpe;resx;tiff;tif;png;wav;mfcribbon-ms</Extensions>
    </Filter>
    <Filter Include="Source Files\win32">
      <UniqueIdentifier>{3a927ceb-ecaf-4f72-ae3b-0da974ab7dc5}</UniqueIdentifier>
    </Filter>
    <Filter Include="Header Files\win32">
      <UniqueIdentifier>{63e917c8-f7ad-4150-ae4c-6db6c95dcfa0}</UniqueIdentifier>
    </Filter>
    <Filter Include="Source Files\server">
      <UniqueIdentifier>{68e6a42d-71c0-4fc5-a953-d727815ad54a}</UniqueIdentifier>
    </Filter>
    <Filter Include="Header Files\server">
      <UniqueIdentifier>{e62f9dcc-b11e-4e12-9c7d-f089919513ea}</UniqueIdentifier>
    </Filter>
    <Filter Include="Source Files\qcommon">
      <UniqueIdentifier>{a182849a-0f55-4c2d-ab10-88e3aaff4de1}</UniqueIdentifier>
    </Filter>
    <Filter Include="Header Files\qcommon">
      <UniqueIdentifier>{84b48845-d249-4ab9-8689-150f72d9f87c}</UniqueIdentifier>
    </Filter>
    <Filter Include="Header Files\client">
      <UniqueIdentifier>{edb93ab5-1caa-4596-9437-4676429c1eb3}</UniqueIdentifier>
    </Filter>
    <Filter Include="Source Files\client">
      <UniqueIdentifier>{2fa91578-1488-48ff-b382-70d8a6c9971e}</UniqueIdentifier>
    </Filter>
    <Filter Include="Header Files\game">
      <UniqueIdentifier>{4cdbdb4d-cf7b-4074-9d30-475989acb84d}</UniqueIdentifier>
    </Filter>
    <Filter Include="Source Files\game">
      <UniqueIdentifier>{30ea14f1-c9c5-4fad-bc4e-08902e4c2495}</UniqueIdentifier>
    </Filter>
  </ItemGroup>
  <ItemGroup>
    <ClCompile Include="win32\vid_menu.c">
      <Filter>Source Files\win32</Filter>
    </ClCompile>
    <ClCompile Include="win32\conproc.c">
      <Filter>Source Files\win32</Filter>
    </ClCompile>
    <ClCompile Include="win32\in_win.c">
      <Filter>Source Files\win32</Filter>
    </ClCompile>
    <ClCompile Include="win32\net_wins.c">
      <Filter>Source Files\win32</Filter>
    </ClCompile>
    <ClCompile Include="win32\q_shwin.c">
      <Filter>Source Files\win32</Filter>
    </ClCompile>
    <ClCompile Include="win32\snd_win.c">
      <Filter>Source Files\win32</Filter>
    </ClCompile>
    <ClCompile Include="win32\sys_win.c">
      <Filter>Source Files\win32</Filter>
    </ClCompile>
    <ClCompile Include="win32\vid_dll.c">
      <Filter>Source Files\win32</Filter>
    </ClCompile>
    <ClCompile Include="server\sv_world.c">
      <Filter>Source Files\server</Filter>
    </ClCompile>
    <ClCompile Include="server\sv_ccmds.c">
      <Filter>Source Files\server</Filter>
    </ClCompile>
    <ClCompile Include="server\sv_ents.c">
      <Filter>Source Files\server</Filter>
    </ClCompile>
    <ClCompile Include="server\sv_game.c">
      <Filter>Source Files\server</Filter>
    </ClCompile>
    <ClCompile Include="server\sv_init.c">
      <Filter>Source Files\server</Filter>
    </ClCompile>
    <ClCompile Include="server\sv_main.c">
      <Filter>Source Files\server</Filter>
    </ClCompile>
    <ClCompile Include="server\sv_send.c">
      <Filter>Source Files\server</Filter>
    </ClCompile>
    <ClCompile Include="server\sv_user.c">
      <Filter>Source Files\server</Filter>
    </ClCompile>
    <ClCompile Include="qcommon\unzip.c">
      <Filter>Source Files\qcommon</Filter>
    </ClCompile>
    <ClCompile Include="qcommon\cmd.c">
      <Filter>Source Files\qcommon</Filter>
    </ClCompile>
    <ClCompile Include="qcommon\cmodel.c">
      <Filter>Source Files\qcommon</Filter>
    </ClCompile>
    <ClCompile Include="qcommon\common.c">
      <Filter>Source Files\qcommon</Filter>
    </ClCompile>
    <ClCompile Include="qcommon\crc.c">
      <Filter>Source Files\qcommon</Filter>
    </ClCompile>
    <ClCompile Include="qcommon\cvar.c">
      <Filter>Source Files\qcommon</Filter>
    </ClCompile>
    <ClCompile Include="qcommon\files.c">
      <Filter>Source Files\qcommon</Filter>
    </ClCompile>
    <ClCompile Include="qcommon\ioapi.c">
      <Filter>Source Files\qcommon</Filter>
    </ClCompile>
    <ClCompile Include="qcommon\md4.c">
      <Filter>Source Files\qcommon</Filter>
    </ClCompile>
    <ClCompile Include="qcommon\mersennetwister.c">
      <Filter>Source Files\qcommon</Filter>
    </ClCompile>
    <ClCompile Include="qcommon\net_chan.c">
      <Filter>Source Files\qcommon</Filter>
    </ClCompile>
    <ClCompile Include="qcommon\pmove.c">
      <Filter>Source Files\qcommon</Filter>
    </ClCompile>
    <ClCompile Include="qcommon\redblack.c">
      <Filter>Source Files\qcommon</Filter>
    </ClCompile>
    <ClCompile Include="client\snd_mix.c">
      <Filter>Source Files\client</Filter>
    </ClCompile>
    <ClCompile Include="client\cl_ents.c">
      <Filter>Source Files\client</Filter>
    </ClCompile>
    <ClCompile Include="client\cl_fx.c">
      <Filter>Source Files\client</Filter>
    </ClCompile>
    <ClCompile Include="client\cl_input.c">
      <Filter>Source Files\client</Filter>
    </ClCompile>
    <ClCompile Include="client\cl_inv.c">
      <Filter>Source Files\client</Filter>
    </ClCompile>
    <ClCompile Include="client\cl_main.c">
      <Filter>Source Files\client</Filter>
    </ClCompile>
    <ClCompile Include="client\cl_newfx.c">
      <Filter>Source Files\client</Filter>
    </ClCompile>
    <ClCompile Include="client\cl_parse.c">
      <Filter>Source Files\client</Filter>
    </ClCompile>
    <ClCompile Include="client\cl_pred.c">
      <Filter>Source Files\client</Filter>
    </ClCompile>
    <ClCompile Include="client\cl_scrn.c">
      <Filter>Source Files\client</Filter>
    </ClCompile>
    <ClCompile Include="client\cl_tent.c">
      <Filter>Source Files\client</Filter>
    </ClCompile>
    <ClCompile Include="client\cl_view.c">
      <Filter>Source Files\client</Filter>
    </ClCompile>
    <ClCompile Include="client\console.c">
      <Filter>Source Files\client</Filter>
    </ClCompile>
    <ClCompile Include="client\keys.c">
      <Filter>Source Files\client</Filter>
    </ClCompile>
    <ClCompile Include="client\le_physics.c">
      <Filter>Source Files\client</Filter>
    </ClCompile>
    <ClCompile Include="client\le_util.c">
      <Filter>Source Files\client</Filter>
    </ClCompile>
    <ClCompile Include="client\menu.c">
      <Filter>Source Files\client</Filter>
    </ClCompile>
    <ClCompile Include="client\qmenu.c">
      <Filter>Source Files\client</Filter>
    </ClCompile>
    <ClCompile Include="client\snd_dma.c">
      <Filter>Source Files\client</Filter>
    </ClCompile>
    <ClCompile Include="client\snd_mem.c">
      <Filter>Source Files\client</Filter>
    </ClCompile>
    <ClCompile Include="game\q_shared.c">
      <Filter>Source Files\game</Filter>
    </ClCompile>
    <ClCompile Include="game\m_flash.c">
      <Filter>Source Files\game</Filter>
    </ClCompile>
    <ClCompile Include="client\cl_http.c">
      <Filter>Source Files\client</Filter>
    </ClCompile>
    <ClCompile Include="strafe_helper.c">
      <Filter>Source Files\client</Filter>
    </ClCompile>
    <ClCompile Include="win32\qal_win.c">
      <Filter>Source Files\win32</Filter>
    </ClCompile>
    <ClCompile Include="win32\alw_win.c">
      <Filter>Source Files\win32</Filter>
    </ClCompile>
  </ItemGroup>
  <ItemGroup>
    <ClInclude Include="win32\winquake.h">
      <Filter>Header Files\win32</Filter>
    </ClInclude>
    <ClInclude Include="win32\alw_win.h">
      <Filter>Header Files\win32</Filter>
    </ClInclude>
    <ClInclude Include="win32\conproc.h">
      <Filter>Header Files\win32</Filter>
    </ClInclude>
    <ClInclude Include="win32\resource.h">
      <Filter>Header Files\win32</Filter>
    </ClInclude>
    <ClInclude Include="win32\wglext.h">
      <Filter>Header Files\win32</Filter>
    </ClInclude>
    <ClInclude Include="build.h">
      <Filter>Header Files</Filter>
    </ClInclude>
    <ClInclude Include="server\server.h">
      <Filter>Header Files\server</Filter>
    </ClInclude>
    <ClInclude Include="qcommon\qfiles.h">
      <Filter>Header Files\qcommon</Filter>
    </ClInclude>
    <ClInclude Include="qcommon\redblack.h">
      <Filter>Header Files\qcommon</Filter>
    </ClInclude>
    <ClInclude Include="qcommon\unzip.h">
      <Filter>Header Files\qcommon</Filter>
    </ClInclude>
    <ClInclude Include="qcommon\crc.h">
      <Filter>Header Files\qcommon</Filter>
    </ClInclude>
    <ClInclude Include="qcommon\crypt.h">
      <Filter>Header Files\qcommon</Filter>
    </ClInclude>
    <ClInclude Include="qcommon\ioapi.h">
      <Filter>Header Files\qcommon</Filter>
    </ClInclude>
    <ClInclude Include="qcommon\md4.h">
      <Filter>Header Files\qcommon</Filter>
    </ClInclude>
    <ClInclude Include="qcommon\qcommon.h">
      <Filter>Header Files\qcommon</Filter>
    </ClInclude>
    <ClInclude Include="client\vid.h">
      <Filter>Header Files\client</Filter>
    </ClInclude>
    <ClInclude Include="client\adivtab.h">
      <Filter>Header Files\client</Filter>
    </ClInclude>
    <ClInclude Include="client\anorms.h">
      <Filter>Header Files\client</Filter>
    </ClInclude>
    <ClInclude Include="client\asm_i386.h">
      <Filter>Header Files\client</Filter>
    </ClInclude>
    <ClInclude Include="client\block8.h">
      <Filter>Header Files\client</Filter>
    </ClInclude>
    <ClInclude Include="client\block16.h">
      <Filter>Header Files\client</Filter>
    </ClInclude>
    <ClInclude Include="client\cdaudio.h">
      <Filter>Header Files\client</Filter>
    </ClInclude>
    <ClInclude Include="client\client.h">
      <Filter>Header Files\client</Filter>
    </ClInclude>
    <ClInclude Include="client\console.h">
      <Filter>Header Files\client</Filter>
    </ClInclude>
    <ClInclude Include="client\eax.h">
      <Filter>Header Files\client</Filter>
    </ClInclude>
    <ClInclude Include="client\input.h">
      <Filter>Header Files\client</Filter>
    </ClInclude>
    <ClInclude Include="client\keys.h">
      <Filter>Header Files\client</Filter>
    </ClInclude>
    <ClInclude Include="client\localent.h">
      <Filter>Header Files\client</Filter>
    </ClInclude>
    <ClInclude Include="client\qal.h">
      <Filter>Header Files\client</Filter>
    </ClInclude>
    <ClInclude Include="client\qmenu.h">
      <Filter>Header Files\client</Filter>
    </ClInclude>
    <ClInclude Include="client\ref.h">
      <Filter>Header Files\client</Filter>
    </ClInclude>
    <ClInclude Include="client\screen.h">
      <Filter>Header Files\client</Filter>
    </ClInclude>
    <ClInclude Include="client\snd_loc.h">
      <Filter>Header Files\client</Filter>
    </ClInclude>
    <ClInclude Include="client\snd_openal.h">
      <Filter>Header Files\client</Filter>
    </ClInclude>
    <ClInclude Include="client\sound.h">
      <Filter>Header Files\client</Filter>
    </ClInclude>
    <ClInclude Include="game\q_shared.h">
      <Filter>Header Files\game</Filter>
    </ClInclude>
    <ClInclude Include="game\game.h">
      <Filter>Header Files\game</Filter>
    </ClInclude>
    <ClInclude Include="strafe_helper.h">
      <Filter>Header Files\client</Filter>
    </ClInclude>
  </ItemGroup>
  <ItemGroup>
    <ResourceCompile Include="win32\q2.rc">
      <Filter>Resource Files</Filter>
    </ResourceCompile>
  </ItemGroup>
</Project>