
Microsoft Visual Studio Solution File, Format Version 12.00
# Visual Studio Version 16
VisualStudioVersion = 16.0.30011.22
MinimumVisualStudioVersion = 10.0.40219.1
Project("{8BC9CEB8-8B4A-11D0-8D11-00A0C91BC942}") = "game", "game\game.vcxproj", "{A227EAEF-2F7B-4D03-AC81-9CF373B98B33}"
EndProject
Project("{8BC9CEB8-8B4A-11D0-8D11-00A0C91BC942}") = "quake2", "quake2.vcxproj", "{0AC0B0A5-E974-4582-8075-68E8CD05C6B2}"
EndProject
Project("{8BC9CEB8-8B4A-11D0-8D11-00A0C91BC942}") = "ref_gl", "ref_gl\ref_gl.vcxproj", "{5DF6AFEA-E973-4541-8E0F-9AAFBF4A35D0}"
EndProject
Global
	GlobalSection(SolutionConfigurationPlatforms) = preSolution
		Debug|x86 = Debug|x86
		Release|x86 = Release|x86
	EndGlobalSection
	GlobalSection(ProjectConfigurationPlatforms) = postSolution
		{A227EAEF-2F7B-4D03-AC81-9CF373B98B33}.Debug|x86.ActiveCfg = Debug|Win32
		{A227EAEF-2F7B-4D03-AC81-9CF373B98B33}.Release|x86.ActiveCfg = Release|Win32
		{0AC0B0A5-E974-4582-8075-68E8CD05C6B2}.Debug|x86.ActiveCfg = Release|Win32
		{0AC0B0A5-E974-4582-8075-68E8CD05C6B2}.Debug|x86.Build.0 = Release|Win32
		{0AC0B0A5-E974-4582-8075-68E8CD05C6B2}.Release|x86.ActiveCfg = Release|Win32
		{0AC0B0A5-E974-4582-8075-68E8CD05C6B2}.Release|x86.Build.0 = Release|Win32
		{5DF6AFEA-E973-4541-8E0F-9AAFBF4A35D0}.Debug|x86.ActiveCfg = Debug|Win32
		{5DF6AFEA-E973-4541-8E0F-9AAFBF4A35D0}.Release|x86.ActiveCfg = Release|Win32
		{5DF6AFEA-E973-4541-8E0F-9AAFBF4A35D0}.Release|x86.Build.0 = Release|Win32
	EndGlobalSection
	GlobalSection(SolutionProperties) = preSolution
		HideSolutionNode = FALSE
	EndGlobalSection
	GlobalSection(ExtensibilityGlobals) = postSolution
		SolutionGuid = {95AED447-5806-4A18-97E3-77302DF52E74}
	EndGlobalSection
EndGlobal
