
Microsoft Visual Studio Solution File, Format Version 12.00
# Visual Studio 15
VisualStudioVersion = 15.0.28307.1000
MinimumVisualStudioVersion = 10.0.40219.1
Project("{8BC9CEB8-8B4A-11D0-8D11-00A0C91BC942}") = "quake2", "quake2.vcxproj", "{0AC0B0A5-E974-4582-8075-68E8CD05C6B2}"
EndProject
Project("{8BC9CEB8-8B4A-11D0-8D11-00A0C91BC942}") = "game", "game\game.vcxproj", "{217C1903-6B38-4624-BC50-609CF9A96E79}"
EndProject
Global
	GlobalSection(SolutionConfigurationPlatforms) = preSolution
		Debug|Win32 = Debug|Win32
		Release|Win32 = Release|Win32
	EndGlobalSection
	GlobalSection(ProjectConfigurationPlatforms) = postSolution
		{0AC0B0A5-E974-4582-8075-68E8CD05C6B2}.Debug|Win32.ActiveCfg = Release|Win32
		{0AC0B0A5-E974-4582-8075-68E8CD05C6B2}.Debug|Win32.Build.0 = Release|Win32
		{0AC0B0A5-E974-4582-8075-68E8CD05C6B2}.Release|Win32.ActiveCfg = Release|Win32
		{0AC0B0A5-E974-4582-8075-68E8CD05C6B2}.Release|Win32.Build.0 = Release|Win32
		{217C1903-6B38-4624-BC50-609CF9A96E79}.Debug|Win32.ActiveCfg = Release|Win32
		{217C1903-6B38-4624-BC50-609CF9A96E79}.Debug|Win32.Build.0 = Release|Win32
		{217C1903-6B38-4624-BC50-609CF9A96E79}.Release|Win32.ActiveCfg = Release|Win32
	EndGlobalSection
	GlobalSection(SolutionProperties) = preSolution
		HideSolutionNode = FALSE
	EndGlobalSection
	GlobalSection(ExtensibilityGlobals) = postSolution
		SolutionGuid = {1EA788E7-52AD-4E37-8069-694C295D9319}
	EndGlobalSection
EndGlobal
